
Microsoft Visual Studio Solution File, Format Version 12.00
# Visual Studio 15
VisualStudioVersion = 15.0.28307.329
MinimumVisualStudioVersion = 10.0.40219.1
Project("{FAE04EC0-301F-11D3-BF4B-00C04F79EFBC}") = "CodeFirst-StudentClassrom", "CodeFirst-StudentClassrom\CodeFirst-StudentClassrom.csproj", "{026446A3-08EC-43DB-830D-79F6F1866764}"
EndProject
Global
	GlobalSection(SolutionConfigurationPlatforms) = preSolution
		Debug|Any CPU = Debug|Any CPU
		Release|Any CPU = Release|Any CPU
	EndGlobalSection
	GlobalSection(ProjectConfigurationPlatforms) = postSolution
		{026446A3-08EC-43DB-830D-79F6F1866764}.Debug|Any CPU.ActiveCfg = Debug|Any CPU
		{026446A3-08EC-43DB-830D-79F6F1866764}.Debug|Any CPU.Build.0 = Debug|Any CPU
		{026446A3-08EC-43DB-830D-79F6F1866764}.Release|Any CPU.ActiveCfg = Release|Any CPU
		{026446A3-08EC-43DB-830D-79F6F1866764}.Release|Any CPU.Build.0 = Release|Any CPU
	EndGlobalSection
	GlobalSection(SolutionProperties) = preSolution
		HideSolutionNode = FALSE
	EndGlobalSection
	GlobalSection(ExtensibilityGlobals) = postSolution
		SolutionGuid = {59F48AA5-65A1-43E9-A2E9-BC4DC1B08CE4}
	EndGlobalSection
EndGlobal
